
Microsoft Visual Studio Solution File, Format Version 11.00
# Visual Studio 2010
Project("{FAE04EC0-301F-11D3-BF4B-00C04F79EFBC}") = "Multiplayer FPS Game", "Assembly-CSharp.csproj", "{5AEAE4E1-B30D-E856-ED06-18904149B0F9}"
EndProject
Project("{FAE04EC0-301F-11D3-BF4B-00C04F79EFBC}") = "Multiplayer FPS Game", "Assembly-CSharp-firstpass.csproj", "{3343FFD4-5777-8187-DE08-792B8419BC74}"
EndProject
Project("{FAE04EC0-301F-11D3-BF4B-00C04F79EFBC}") = "Multiplayer FPS Game", "Assembly-CSharp-Editor.csproj", "{82C86EB9-0408-E566-9242-4003AC5C56C1}"
EndProject
Global
	GlobalSection(SolutionConfigurationPlatforms) = preSolution
		Debug|Any CPU = Debug|Any CPU
		Release|Any CPU = Release|Any CPU
	EndGlobalSection
	GlobalSection(ProjectConfigurationPlatforms) = postSolution
		{5AEAE4E1-B30D-E856-ED06-18904149B0F9}.Debug|Any CPU.ActiveCfg = Debug|Any CPU
		{5AEAE4E1-B30D-E856-ED06-18904149B0F9}.Debug|Any CPU.Build.0 = Debug|Any CPU
		{5AEAE4E1-B30D-E856-ED06-18904149B0F9}.Release|Any CPU.ActiveCfg = Release|Any CPU
		{5AEAE4E1-B30D-E856-ED06-18904149B0F9}.Release|Any CPU.Build.0 = Release|Any CPU
		{3343FFD4-5777-8187-DE08-792B8419BC74}.Debug|Any CPU.ActiveCfg = Debug|Any CPU
		{3343FFD4-5777-8187-DE08-792B8419BC74}.Debug|Any CPU.Build.0 = Debug|Any CPU
		{3343FFD4-5777-8187-DE08-792B8419BC74}.Release|Any CPU.ActiveCfg = Release|Any CPU
		{3343FFD4-5777-8187-DE08-792B8419BC74}.Release|Any CPU.Build.0 = Release|Any CPU
		{82C86EB9-0408-E566-9242-4003AC5C56C1}.Debug|Any CPU.ActiveCfg = Debug|Any CPU
		{82C86EB9-0408-E566-9242-4003AC5C56C1}.Debug|Any CPU.Build.0 = Debug|Any CPU
		{82C86EB9-0408-E566-9242-4003AC5C56C1}.Release|Any CPU.ActiveCfg = Release|Any CPU
		{82C86EB9-0408-E566-9242-4003AC5C56C1}.Release|Any CPU.Build.0 = Release|Any CPU
	EndGlobalSection
	GlobalSection(SolutionProperties) = preSolution
		HideSolutionNode = FALSE
	EndGlobalSection
	GlobalSection(MonoDevelopProperties) = preSolution
		StartupItem = Assembly-CSharp.csproj
	EndGlobalSection
EndGlobal
